github.com/JoshuaDoes/crunchio v0.0.0-20240321175528-316a1abe5ad1 h1:F8lK2D6wQ1MTDTznL5OhySMzf/CmY3p1DuEDCdJQdyA=
github.com/JoshuaDoes/crunchio v0.0.0-20240321175528-316a1abe5ad1/go.mod h1:Zk8lv1MlNNb5WpMcNSr8uBgleoE5G3PpXi6MD3JImOA=
github.com/JoshuaDoes/crunchio v0.0.0-20240321180457-440fd938ddb2 h1:R7IlommIjpiUmyl7AQcEtjats2/QvSHlgcnZZrynPtE=
github.com/JoshuaDoes/crunchio v0.0.0-20240321180457-440fd938ddb2/go.mod h1:Zk8lv1MlNNb5WpMcNSr8uBgleoE5G3PpXi6MD3JImOA=
github.com/JoshuaDoes/crunchio v0.0.0-20240321180609-245a0a8585bb h1:OEL4YTjDhet3IchEzJmKubbRbt7t6szaKuA1D2ZQWDA=
github.com/JoshuaDoes/crunchio v0.0.0-20240321180609-245a0a8585bb/go.mod h1:Zk8lv1MlNNb5WpMcNSr8uBgleoE5G3PpXi6MD3JImOA=
github.com/JoshuaDoes/crunchio v0.0.0-20240321180659-70518e6a0699 h1:kczIfs3dwCWOToDw85Le09SQS21WKg2UtQFgxRC/X0g=
github.com/JoshuaDoes/crunchio v0.0.0-20240321180659-70518e6a0699/go.mod h1:Zk8lv1MlNNb5WpMcNSr8uBgleoE5G3PpXi6MD3JImOA=
github.com/JoshuaDoes/crunchio v0.0.0-20240321180800-87589ab8bc45 h1:qgCvjWHdqETBCLYJ3+6urKIF+VBZZUKeyHy6UjqLMh8=
github.com/JoshuaDoes/crunchio v0.0.0-20240321180800-87589ab8bc45/go.mod h1:Zk8lv1MlNNb5WpMcNSr8uBgleoE5G3PpXi6MD3JImOA=
github.com/JoshuaDoes/crunchio v0.0.0-20240321181033-a692e66882aa h1:3dU4XqYtI2O0DrX3cjuCKMXv3080IFtDfzQv+FAsSZw=
github.com/JoshuaDoes/crunchio v0.0.0-20240321181033-a692e66882aa/go.mod h1:Zk8lv1MlNNb5WpMcNSr8uBgleoE5G3PpXi6MD3JImOA=
github.com/JoshuaDoes/json v0.0.0-20200726213358-ec3860544ac0 h1:315Zb0n+8KwZyUiIKbDGvfrQ003c0XfHYNy0M4vv5cA=
github.com/JoshuaDoes/json v0.0.0-20200726213358-ec3860544ac0/go.mod h1:vsCdx75bni6k6GIQPPima8KiM7ZjNHeBJ8keBaJOADA=
github.com/gabriel-samfira/go-hivex v0.0.0-20190725123041-b40bc95a7ced h1:QGy2AdPMyJWF1pI/GaAxpEY0qIFn/ekrimYrucQeNNk=
github.com/gabriel-samfira/go-hivex v0.0.0-20190725123041-b40bc95a7ced/go.mod h1:2uhxVfr/8oFRFnCQbpoSzKG+qCvKH3yVt8FPASfJO28=
github.com/google/go-cmp v0.3.0 h1:crn/baboCvb5fXaQ0IJ1SGTsTVrWpDsCWC8EGETZijY=
github.com/google/go-cmp v0.3.0/go.mod h1:8QqcDgzrUqlUb/G2PQTWiueGozuR1884gddMywk6iLU=
github.com/google/go-cmp v0.5.6 h1:BKbKCqvP6I+rmFHt06ZmyQtvB8xAkWdhFyr0ZUNZcxQ=
github.com/pkg/errors v0.8.1 h1:iURUrRGxPUNPdy5/HRSm+Yj6okJ6UtLINN0Q9M4+h3I=
github.com/pkg/errors v0.8.1/go.mod h1:bwawxfHBFNV+L2hUp1rHADufV3IMtnDRdf1r5NINEl0=
github.com/superwhiskers/crunch/v3 v3.5.7 h1:N9RLxaR65C36i26BUIpzPXGy2f6pQ7wisu2bawbKNqg=
github.com/superwhiskers/crunch/v3 v3.5.7/go.mod h1:4ub2EKgF1MAhTjoOCTU4b9uLMsAweHEa89aRrfAypXA=
gotest.tools v2.2.0+incompatible h1:VsBPFP1AI068pPrMxtb/S8Zkgf9xEmTLJjfM+P5UIEo=
gotest.tools v2.2.0+incompatible/go.mod h1:DsYFclhRJ6vuDpmuTbkuFWG+y2sxOXAzmJt81HFBacw=
